
Microsoft Visual Studio Solution File, Format Version 12.00
# Visual Studio Version 17
VisualStudioVersion = 17.0.32126.317
MinimumVisualStudioVersion = 10.0.40219.1
Project("{888888A0-9F3D-457C-B088-3A5042F75D52}") = "lab2py", "lab2py\lab2py.pyproj", "{18D49DEB-F85D-4E84-BA9D-6736AF960AFE}"
EndProject
Global
	GlobalSection(SolutionConfigurationPlatforms) = preSolution
		Debug|Any CPU = Debug|Any CPU
		Release|Any CPU = Release|Any CPU
	EndGlobalSection
	GlobalSection(ProjectConfigurationPlatforms) = postSolution
		{18D49DEB-F85D-4E84-BA9D-6736AF960AFE}.Debug|Any CPU.ActiveCfg = Debug|Any CPU
		{18D49DEB-F85D-4E84-BA9D-6736AF960AFE}.Release|Any CPU.ActiveCfg = Release|Any CPU
	EndGlobalSection
	GlobalSection(SolutionProperties) = preSolution
		HideSolutionNode = FALSE
	EndGlobalSection
	GlobalSection(ExtensibilityGlobals) = postSolution
		SolutionGuid = {8B2C2768-1145-40A0-97BF-1B2F441838FE}
	EndGlobalSection
EndGlobal
